
Microsoft Visual Studio Solution File, Format Version 12.00
# Visual Studio Version 17
VisualStudioVersion = 17.8.34330.188
MinimumVisualStudioVersion = 10.0.40219.1
Project("{9A19103F-16F7-4668-BE54-9A1E7A4F7556}") = "RpgSim", "RpgSim.csproj", "{68912165-8EAB-406C-A662-B6EADE6EFDD2}"
EndProject
Global
	GlobalSection(SolutionConfigurationPlatforms) = preSolution
		Debug|Any CPU = Debug|Any CPU
		Release|Any CPU = Release|Any CPU
	EndGlobalSection
	GlobalSection(ProjectConfigurationPlatforms) = postSolution
		{68912165-8EAB-406C-A662-B6EADE6EFDD2}.Debug|Any CPU.ActiveCfg = Debug|Any CPU
		{68912165-8EAB-406C-A662-B6EADE6EFDD2}.Debug|Any CPU.Build.0 = Debug|Any CPU
		{68912165-8EAB-406C-A662-B6EADE6EFDD2}.Release|Any CPU.ActiveCfg = Release|Any CPU
		{68912165-8EAB-406C-A662-B6EADE6EFDD2}.Release|Any CPU.Build.0 = Release|Any CPU
	EndGlobalSection
	GlobalSection(SolutionProperties) = preSolution
		HideSolutionNode = FALSE
	EndGlobalSection
	GlobalSection(ExtensibilityGlobals) = postSolution
		SolutionGuid = {AFC231A8-CDEA-4A7F-9C58-87C35ADADE82}
	EndGlobalSection
EndGlobal
